
Microsoft Visual Studio Solution File, Format Version 12.00
# Visual Studio Version 17
VisualStudioVersion = 17.2.32616.157
MinimumVisualStudioVersion = 10.0.40219.1
Project("{8BC9CEB8-8B4A-11D0-8D11-00A0C91BC942}") = "Window", "Window\Window.vcxproj", "{B4FB2E12-B697-4DA7-8E0F-B1D3D6D20C77}"
EndProject
Project("{8BC9CEB8-8B4A-11D0-8D11-00A0C91BC942}") = "Tirangle", "Triangle\Triangle.vcxproj", "{1DCC0A7C-4C74-4683-A676-1A30C93725C9}"
EndProject
Project("{8BC9CEB8-8B4A-11D0-8D11-00A0C91BC942}") = "Screensaver", "Screensaver\Screensaver.vcxproj", "{574A3AF8-7685-4D94-9ED9-F21F90DE65AB}"
EndProject
Project("{8BC9CEB8-8B4A-11D0-8D11-00A0C91BC942}") = "Camera", "Camera\Camera.vcxproj", "{96840A36-2F79-4167-8262-E9DA7341C320}"
EndProject
Project("{8BC9CEB8-8B4A-11D0-8D11-00A0C91BC942}") = "LoadObject", "LoadObject\LoadObject.vcxproj", "{CDFEF6B0-6165-46F9-AE8D-52871BACE049}"
EndProject
Global
	GlobalSection(SolutionConfigurationPlatforms) = preSolution
		Debug|x64 = Debug|x64
		Debug|x86 = Debug|x86
		Release|x64 = Release|x64
		Release|x86 = Release|x86
	EndGlobalSection
	GlobalSection(ProjectConfigurationPlatforms) = postSolution
		{B4FB2E12-B697-4DA7-8E0F-B1D3D6D20C77}.Debug|x64.ActiveCfg = Debug|x64
		{B4FB2E12-B697-4DA7-8E0F-B1D3D6D20C77}.Debug|x64.Build.0 = Debug|x64
		{B4FB2E12-B697-4DA7-8E0F-B1D3D6D20C77}.Debug|x86.ActiveCfg = Debug|Win32
		{B4FB2E12-B697-4DA7-8E0F-B1D3D6D20C77}.Debug|x86.Build.0 = Debug|Win32
		{B4FB2E12-B697-4DA7-8E0F-B1D3D6D20C77}.Release|x64.ActiveCfg = Release|x64
		{B4FB2E12-B697-4DA7-8E0F-B1D3D6D20C77}.Release|x64.Build.0 = Release|x64
		{B4FB2E12-B697-4DA7-8E0F-B1D3D6D20C77}.Release|x86.ActiveCfg = Release|Win32
		{B4FB2E12-B697-4DA7-8E0F-B1D3D6D20C77}.Release|x86.Build.0 = Release|Win32
		{1DCC0A7C-4C74-4683-A676-1A30C93725C9}.Debug|x64.ActiveCfg = Debug|x64
		{1DCC0A7C-4C74-4683-A676-1A30C93725C9}.Debug|x64.Build.0 = Debug|x64
		{1DCC0A7C-4C74-4683-A676-1A30C93725C9}.Debug|x86.ActiveCfg = Debug|Win32
		{1DCC0A7C-4C74-4683-A676-1A30C93725C9}.Debug|x86.Build.0 = Debug|Win32
		{1DCC0A7C-4C74-4683-A676-1A30C93725C9}.Release|x64.ActiveCfg = Release|x64
		{1DCC0A7C-4C74-4683-A676-1A30C93725C9}.Release|x64.Build.0 = Release|x64
		{1DCC0A7C-4C74-4683-A676-1A30C93725C9}.Release|x86.ActiveCfg = Release|Win32
		{1DCC0A7C-4C74-4683-A676-1A30C93725C9}.Release|x86.Build.0 = Release|Win32
		{574A3AF8-7685-4D94-9ED9-F21F90DE65AB}.Debug|x64.ActiveCfg = Debug|x64
		{574A3AF8-7685-4D94-9ED9-F21F90DE65AB}.Debug|x64.Build.0 = Debug|x64
		{574A3AF8-7685-4D94-9ED9-F21F90DE65AB}.Debug|x86.ActiveCfg = Debug|Win32
		{574A3AF8-7685-4D94-9ED9-F21F90DE65AB}.Debug|x86.Build.0 = Debug|Win32
		{574A3AF8-7685-4D94-9ED9-F21F90DE65AB}.Release|x64.ActiveCfg = Release|x64
		{574A3AF8-7685-4D94-9ED9-F21F90DE65AB}.Release|x64.Build.0 = Release|x64
		{574A3AF8-7685-4D94-9ED9-F21F90DE65AB}.Release|x86.ActiveCfg = Release|Win32
		{574A3AF8-7685-4D94-9ED9-F21F90DE65AB}.Release|x86.Build.0 = Release|Win32
		{96840A36-2F79-4167-8262-E9DA7341C320}.Debug|x64.ActiveCfg = Debug|x64
		{96840A36-2F79-4167-8262-E9DA7341C320}.Debug|x64.Build.0 = Debug|x64
		{96840A36-2F79-4167-8262-E9DA7341C320}.Debug|x86.ActiveCfg = Debug|Win32
		{96840A36-2F79-4167-8262-E9DA7341C320}.Debug|x86.Build.0 = Debug|Win32
		{96840A36-2F79-4167-8262-E9DA7341C320}.Release|x64.ActiveCfg = Release|x64
		{96840A36-2F79-4167-8262-E9DA7341C320}.Release|x64.Build.0 = Release|x64
		{96840A36-2F79-4167-8262-E9DA7341C320}.Release|x86.ActiveCfg = Release|Win32
		{96840A36-2F79-4167-8262-E9DA7341C320}.Release|x86.Build.0 = Release|Win32
		{CDFEF6B0-6165-46F9-AE8D-52871BACE049}.Debug|x64.ActiveCfg = Debug|x64
		{CDFEF6B0-6165-46F9-AE8D-52871BACE049}.Debug|x64.Build.0 = Debug|x64
		{CDFEF6B0-6165-46F9-AE8D-52871BACE049}.Debug|x86.ActiveCfg = Debug|Win32
		{CDFEF6B0-6165-46F9-AE8D-52871BACE049}.Debug|x86.Build.0 = Debug|Win32
		{CDFEF6B0-6165-46F9-AE8D-52871BACE049}.Release|x64.ActiveCfg = Release|x64
		{CDFEF6B0-6165-46F9-AE8D-52871BACE049}.Release|x64.Build.0 = Release|x64
		{CDFEF6B0-6165-46F9-AE8D-52871BACE049}.Release|x86.ActiveCfg = Release|Win32
		{CDFEF6B0-6165-46F9-AE8D-52871BACE049}.Release|x86.Build.0 = Release|Win32
	EndGlobalSection
	GlobalSection(SolutionProperties) = preSolution
		HideSolutionNode = FALSE
	EndGlobalSection
	GlobalSection(ExtensibilityGlobals) = postSolution
		SolutionGuid = {B9F2244A-A13D-4F0C-89D4-A0455FCCB358}
	EndGlobalSection
EndGlobal
